{
  "name": "chokepoint-pulse-desk",
  "version": "1.0.0",
  "lockfileVersion": 3,
  "requires": true,
  "packages": {
    "": {
      "name": "chokepoint-pulse-desk",
      "version": "1.0.0",
      "license": "MIT",
      "devDependencies": {
        "puppeteer": "^24.0.0",
        "typescript": "^5.8.2",
        "vite": "^6.2.0",
        "vitest": "^3.0.8"
      }
    }
  }
}
